// !$*UTF8*$!
{
	archiveVersion = 1;
	classes = {
	};
	objectVersion = 46;
	objects = {

/* Begin PBXBuildFile section */
		22BF93EA1D7024CE009E2C7D /* main.m in Sources */ = {isa = PBXBuildFile; fileRef = 22BF93E91D7024CE009E2C7D /* main.m */; };
		22BF93ED1D7024CE009E2C7D /* AppDelegate.m in Sources */ = {isa = PBXBuildFile; fileRef = 22BF93EC1D7024CE009E2C7D /* AppDelegate.m */; };
		22BF93F01D7024CE009E2C7D /* ViewController.m in Sources */ = {isa = PBXBuildFile; fileRef = 22BF93EF1D7024CE009E2C7D /* ViewController.m */; };
		22BF93F31D7024CE009E2C7D /* Main.storyboard in Resources */ = {isa = PBXBuildFile; fileRef = 22BF93F11D7024CE009E2C7D /* Main.storyboard */; };
		22BF93F51D7024CE009E2C7D /* Assets.xcassets in Resources */ = {isa = PBXBuildFile; fileRef = 22BF93F41D7024CE009E2C7D /* Assets.xcassets */; };
		22BF93F81D7024CE009E2C7D /* LaunchScreen.storyboard in Resources */ = {isa = PBXBuildFile; fileRef = 22BF93F61D7024CE009E2C7D /* LaunchScreen.storyboard */; };
		22BF94031D7024CE009E2C7D /* RollParallaxDemoTests.m in Sources */ = {isa = PBXBuildFile; fileRef = 22BF94021D7024CE009E2C7D /* RollParallaxDemoTests.m */; };
		22BF940E1D7024CE009E2C7D /* RollParallaxDemoUITests.m in Sources */ = {isa = PBXBuildFile; fileRef = 22BF940D1D7024CE009E2C7D /* RollParallaxDemoUITests.m */; };
/* End PBXBuildFile section */

/* Begin PBXContainerItemProxy section */
		22BF93FF1D7024CE009E2C7D /* PBXContainerItemProxy */ = {
			isa = PBXContainerItemProxy;
			containerPortal = 22BF93DD1D7024CE009E2C7D /* Project object */;
			proxyType = 1;
			remoteGlobalIDString = 22BF93E41D7024CE009E2C7D;
			remoteInfo = RollParallaxDemo;
		};
		22BF940A1D7024CE009E2C7D /* PBXContainerItemProxy */ = {
			isa = PBXContainerItemProxy;
			containerPortal = 22BF93DD1D7024CE009E2C7D /* Project object */;
			proxyType = 1;
			remoteGlobalIDString = 22BF93E41D7024CE009E2C7D;
			remoteInfo = RollParallaxDemo;
		};
/* End PBXContainerItemProxy section */

/* Begin PBXFileReference section */
		22BF93E51D7024CE009E2C7D /* RollParallaxDemo.app */ = {isa = PBXFileReference; explicitFileType = wrapper.application; includeInIndex = 0; path = RollParallaxDemo.app; sourceTree = BUILT_PRODUCTS_DIR; };
		22BF93E91D7024CE009E2C7D /* main.m */ = {isa = PBXFileReference; lastKnownFileType = sourcecode.c.objc; path = main.m; sourceTree = "<group>"; };
		22BF93EB1D7024CE009E2C7D /* AppDelegate.h */ = {isa = PBXFileReference; lastKnownFileType = sourcecode.c.h; path = AppDelegate.h; sourceTree = "<group>"; };
		22BF93EC1D7024CE009E2C7D /* AppDelegate.m */ = {isa = PBXFileReference; lastKnownFileType = sourcecode.c.objc; path = AppDelegate.m; sourceTree = "<group>"; };
		22BF93EE1D7024CE009E2C7D /* ViewController.h */ = {isa = PBXFileReference; lastKnownFileType = sourcecode.c.h; path = ViewController.h; sourceTree = "<group>"; };
		22BF93EF1D7024CE009E2C7D /* ViewController.m */ = {isa = PBXFileReference; lastKnownFileType = sourcecode.c.objc; path = ViewController.m; sourceTree = "<group>"; };
		22BF93F21D7024CE009E2C7D /* Base */ = {isa = PBXFileReference; lastKnownFileType = file.storyboard; name = Base; path = Base.lproj/Main.storyboard; sourceTree = "<group>"; };
		22BF93F41D7024CE009E2C7D /* Assets.xcassets */ = {isa = PBXFileReference; lastKnownFileType = folder.assetcatalog; path = Assets.xcassets; sourceTree = "<group>"; };
		22BF93F71D7024CE009E2C7D /* Base */ = {isa = PBXFileReference; lastKnownFileType = file.storyboard; name = Base; path = Base.lproj/LaunchScreen.storyboard; sourceTree = "<group>"; };
		22BF93F91D7024CE009E2C7D /* Info.plist */ = {isa = PBXFileReference; lastKnownFileType = text.plist.xml; path = Info.plist; sourceTree = "<group>"; };
		22BF93FE1D7024CE009E2C7D /* RollParallaxDemoTests.xctest */ = {isa = PBXFileReference; explicitFileType = wrapper.cfbundle; includeInIndex = 0; path = RollParallaxDemoTests.xctest; sourceTree = BUILT_PRODUCTS_DIR; };
		22BF94021D7024CE009E2C7D /* RollParallaxDemoTests.m */ = {isa = PBXFileReference; lastKnownFileType = sourcecode.c.objc; path = RollParallaxDemoTests.m; sourceTree = "<group>"; };
		22BF94041D7024CE009E2C7D /* Info.plist */ = {isa = PBXFileReference; lastKnownFileType = text.plist.xml; path = Info.plist; sourceTree = "<group>"; };
		22BF94091D7024CE009E2C7D /* RollParallaxDemoUITests.xctest */ = {isa = PBXFileReference; explicitFileType = wrapper.cfbundle; includeInIndex = 0; path = RollParallaxDemoUITests.xctest; sourceTree = BUILT_PRODUCTS_DIR; };
		22BF940D1D7024CE009E2C7D /* RollParallaxDemoUITests.m */ = {isa = PBXFileReference; lastKnownFileType = sourcecode.c.objc; path = RollParallaxDemoUITests.m; sourceTree = "<group>"; };
		22BF940F1D7024CE009E2C7D /* Info.plist */ = {isa = PBXFileReference; lastKnownFileType = text.plist.xml; path = Info.plist; sourceTree = "<group>"; };
/* End PBXFileReference section */

/* Begin PBXFrameworksBuildPhase section */
		22BF93E21D7024CE009E2C7D /* Frameworks */ = {
			isa = PBXFrameworksBuildPhase;
			buildActionMask = 2147483647;
			files = (
			);
			runOnlyForDeploymentPostprocessing = 0;
		};
		22BF93FB1D7024CE009E2C7D /* Frameworks */ = {
			isa = PBXFrameworksBuildPhase;
			buildActionMask = 2147483647;
			files = (
			);
			runOnlyForDeploymentPostprocessing = 0;
		};
		22BF94061D7024CE009E2C7D /* Frameworks */ = {
			isa = PBXFrameworksBuildPhase;
			buildActionMask = 2147483647;
			files = (
			);
			runOnlyForDeploymentPostprocessing = 0;
		};
/* End PBXFrameworksBuildPhase section */

/* Begin PBXGroup section */
		22BF93DC1D7024CE009E2C7D = {
			isa = PBXGroup;
			children = (
				22BF93E71D7024CE009E2C7D /* RollParallaxDemo */,
				22BF94011D7024CE009E2C7D /* RollParallaxDemoTests */,
				22BF940C1D7024CE009E2C7D /* RollParallaxDemoUITests */,
				22BF93E61D7024CE009E2C7D /* Products */,
			);
			sourceTree = "<group>";
		};
		22BF93E61D7024CE009E2C7D /* Products */ = {
			isa = PBXGroup;
			children = (
				22BF93E51D7024CE009E2C7D /* RollParallaxDemo.app */,
				22BF93FE1D7024CE009E2C7D /* RollParallaxDemoTests.xctest */,
				22BF94091D7024CE009E2C7D /* RollParallaxDemoUITests.xctest */,
			);
			name = Products;
			sourceTree = "<group>";
		};
		22BF93E71D7024CE009E2C7D /* RollParallaxDemo */ = {
			isa = PBXGroup;
			children = (
				22BF93EB1D7024CE009E2C7D /* AppDelegate.h */,
				22BF93EC1D7024CE009E2C7D /* AppDelegate.m */,
				22BF93EE1D7024CE009E2C7D /* ViewController.h */,
				22BF93EF1D7024CE009E2C7D /* ViewController.m */,
				22BF93F11D7024CE009E2C7D /* Main.storyboard */,
				22BF93F41D7024CE009E2C7D /* Assets.xcassets */,
				22BF93F61D7024CE009E2C7D /* LaunchScreen.storyboard */,
				22BF93F91D7024CE009E2C7D /* Info.plist */,
				22BF93E81D7024CE009E2C7D /* Supporting Files */,
			);
			path = RollParallaxDemo;
			sourceTree = "<group>";
		};
		22BF93E81D7024CE009E2C7D /* Supporting Files */ = {
			isa = PBXGroup;
			children = (
				22BF93E91D7024CE009E2C7D /* main.m */,
			);
			name = "Supporting Files";
			sourceTree = "<group>";
		};
		22BF94011D7024CE009E2C7D /* RollParallaxDemoTests */ = {
			isa = PBXGroup;
			children = (
				22BF94021D7024CE009E2C7D /* RollParallaxDemoTests.m */,
				22BF94041D7024CE009E2C7D /* Info.plist */,
			);
			path = RollParallaxDemoTests;
			sourceTree = "<group>";
		};
		22BF940C1D7024CE009E2C7D /* RollParallaxDemoUITests */ = {
			isa = PBXGroup;
			children = (
				22BF940D1D7024CE009E2C7D /* RollParallaxDemoUITests.m */,
				22BF940F1D7024CE009E2C7D /* Info.plist */,
			);
			path = RollParallaxDemoUITests;
			sourceTree = "<group>";
		};
/* End PBXGroup section */

/* Begin PBXNativeTarget section */
		22BF93E41D7024CE009E2C7D /* RollParallaxDemo */ = {
			isa = PBXNativeTarget;
			buildConfigurationList = 22BF94121D7024CE009E2C7D /* Build configuration list for PBXNativeTarget "RollParallaxDemo" */;
			buildPhases = (
				22BF93E11D7024CE009E2C7D /* Sources */,
				22BF93E21D7024CE009E2C7D /* Frameworks */,
				22BF93E31D7024CE009E2C7D /* Resources */,
			);
			buildRules = (
			);
			dependencies = (
			);
			name = RollParallaxDemo;
			productName = RollParallaxDemo;
			productReference = 22BF93E51D7024CE009E2C7D /* RollParallaxDemo.app */;
			productType = "com.apple.product-type.application";
		};
		22BF93FD1D7024CE009E2C7D /* RollParallaxDemoTests */ = {
			isa = PBXNativeTarget;
			buildConfigurationList = 22BF94151D7024CE009E2C7D /* Build configuration list for PBXNativeTarget "RollParallaxDemoTests" */;
			buildPhases = (
				22BF93FA1D7024CE009E2C7D /* Sources */,
				22BF93FB1D7024CE009E2C7D /* Frameworks */,
				22BF93FC1D7024CE009E2C7D /* Resources */,
			);
			buildRules = (
			);
			dependencies = (
				22BF94001D7024CE009E2C7D /* PBXTargetDependency */,
			);
			name = RollParallaxDemoTests;
			productName = RollParallaxDemoTests;
			productReference = 22BF93FE1D7024CE009E2C7D /* RollParallaxDemoTests.xctest */;
			productType = "com.apple.product-type.bundle.unit-test";
		};
		22BF94081D7024CE009E2C7D /* RollParallaxDemoUITests */ = {
			isa = PBXNativeTarget;
			buildConfigurationList = 22BF94181D7024CE009E2C7D /* Build configuration list for PBXNativeTarget "RollParallaxDemoUITests" */;
			buildPhases = (
				22BF94051D7024CE009E2C7D /* Sources */,
				22BF94061D7024CE009E2C7D /* Frameworks */,
				22BF94071D7024CE009E2C7D /* Resources */,
			);
			buildRules = (
			);
			dependencies = (
				22BF940B1D7024CE009E2C7D /* PBXTargetDependency */,
			);
			name = RollParallaxDemoUITests;
			productName = RollParallaxDemoUITests;
			productReference = 22BF94091D7024CE009E2C7D /* RollParallaxDemoUITests.xctest */;
			productType = "com.apple.product-type.bundle.ui-testing";
		};
/* End PBXNativeTarget section */

/* Begin PBXProject section */
		22BF93DD1D7024CE009E2C7D /* Project object */ = {
			isa = PBXProject;
			attributes = {
				LastUpgradeCheck = 0730;
				ORGANIZATIONNAME = LiLi;
				TargetAttributes = {
					22BF93E41D7024CE009E2C7D = {
						CreatedOnToolsVersion = 7.3;
					};
					22BF93FD1D7024CE009E2C7D = {
						CreatedOnToolsVersion = 7.3;
						TestTargetID = 22BF93E41D7024CE009E2C7D;
					};
					22BF94081D7024CE009E2C7D = {
						CreatedOnToolsVersion = 7.3;
						TestTargetID = 22BF93E41D7024CE009E2C7D;
					};
				};
			};
			buildConfigurationList = 22BF93E01D7024CE009E2C7D /* Build configuration list for PBXProject "RollParallaxDemo" */;
			compatibilityVersion = "Xcode 3.2";
			developmentRegion = English;
			hasScannedForEncodings = 0;
			knownRegions = (
				en,
				Base,
			);
			mainGroup = 22BF93DC1D7024CE009E2C7D;
			productRefGroup = 22BF93E61D7024CE009E2C7D /* Products */;
			projectDirPath = "";
			projectRoot = "";
			targets = (
				22BF93E41D7024CE009E2C7D /* RollParallaxDemo */,
				22BF93FD1D7024CE009E2C7D /* RollParallaxDemoTests */,
				22BF94081D7024CE009E2C7D /* RollParallaxDemoUITests */,
			);
		};
/* End PBXProject section */

/* Begin PBXResourcesBuildPhase section */
		22BF93E31D7024CE009E2C7D /* Resources */ = {
			isa = PBXResourcesBuildPhase;
			buildActionMask = 2147483647;
			files = (
				22BF93F81D7024CE009E2C7D /* LaunchScreen.storyboard in Resources */,
				22BF93F51D7024CE009E2C7D /* Assets.xcassets in Resources */,
				22BF93F31D7024CE009E2C7D /* Main.storyboard in Resources */,
			);
			runOnlyForDeploymentPostprocessing = 0;
		};
		22BF93FC1D7024CE009E2C7D /* Resources */ = {
			isa = PBXResourcesBuildPhase;
			buildActionMask = 2147483647;
			files = (
			);
			runOnlyForDeploymentPostprocessing = 0;
		};
		22BF94071D7024CE009E2C7D /* Resources */ = {
			isa = PBXResourcesBuildPhase;
			buildActionMask = 2147483647;
			files = (
			);
			runOnlyForDeploymentPostprocessing = 0;
		};
/* End PBXResourcesBuildPhase section */

/* Begin PBXSourcesBuildPhase section */
		22BF93E11D7024CE009E2C7D /* Sources */ = {
			isa = PBXSourcesBuildPhase;
			buildActionMask = 2147483647;
			files = (
				22BF93F01D7024CE009E2C7D /* ViewController.m in Sources */,
				22BF93ED1D7024CE009E2C7D /* AppDelegate.m in Sources */,
				22BF93EA1D7024CE009E2C7D /* main.m in Sources */,
			);
			runOnlyForDeploymentPostprocessing = 0;
		};
		22BF93FA1D7024CE009E2C7D /* Sources */ = {
			isa = PBXSourcesBuildPhase;
			buildActionMask = 2147483647;
			files = (
				22BF94031D7024CE009E2C7D /* RollParallaxDemoTests.m in Sources */,
			);
			runOnlyForDeploymentPostprocessing = 0;
		};
		22BF94051D7024CE009E2C7D /* Sources */ = {
			isa = PBXSourcesBuildPhase;
			buildActionMask = 2147483647;
			files = (
				22BF940E1D7024CE009E2C7D /* RollParallaxDemoUITests.m in Sources */,
			);
			runOnlyForDeploymentPostprocessing = 0;
		};
/* End PBXSourcesBuildPhase section */

/* Begin PBXTargetDependency section */
		22BF94001D7024CE009E2C7D /* PBXTargetDependency */ = {
			isa = PBXTargetDependency;
			target = 22BF93E41D7024CE009E2C7D /* RollParallaxDemo */;
			targetProxy = 22BF93FF1D7024CE009E2C7D /* PBXContainerItemProxy */;
		};
		22BF940B1D7024CE009E2C7D /* PBXTargetDependency */ = {
			isa = PBXTargetDependency;
			target = 22BF93E41D7024CE009E2C7D /* RollParallaxDemo */;
			targetProxy = 22BF940A1D7024CE009E2C7D /* PBXContainerItemProxy */;
		};
/* End PBXTargetDependency section */

/* Begin PBXVariantGroup section */
		22BF93F11D7024CE009E2C7D /* Main.storyboard */ = {
			isa = PBXVariantGroup;
			children = (
				22BF93F21D7024CE009E2C7D /* Base */,
			);
			name = Main.storyboard;
			sourceTree = "<group>";
		};
		22BF93F61D7024CE009E2C7D /* LaunchScreen.storyboard */ = {
			isa = PBXVariantGroup;
			children = (
				22BF93F71D7024CE009E2C7D /* Base */,
			);
			name = LaunchScreen.storyboard;
			sourceTree = "<group>";
		};
/* End PBXVariantGroup section */

/* Begin XCBuildConfiguration section */
		22BF94101D7024CE009E2C7D /* Debug */ = {
			isa = XCBuildConfiguration;
			buildSettings = {
				ALWAYS_SEARCH_USER_PATHS = NO;
				CLANG_ANALYZER_NONNULL = YES;
				CLANG_CXX_LANGUAGE_STANDARD = "gnu++0x";
				CLANG_CXX_LIBRARY = "libc++";
				CLANG_ENABLE_MODULES = YES;
				CLANG_ENABLE_OBJC_ARC = YES;
				CLANG_WARN_BOOL_CONVERSION = YES;
				CLANG_WARN_CONSTANT_CONVERSION = YES;
				CLANG_WARN_DIRECT_OBJC_ISA_USAGE = YES_ERROR;
				CLANG_WARN_EMPTY_BODY = YES;
				CLANG_WARN_ENUM_CONVERSION = YES;
				CLANG_WARN_INT_CONVERSION = YES;
				CLANG_WARN_OBJC_ROOT_CLASS = YES_ERROR;
				CLANG_WARN_UNREACHABLE_CODE = YES;
				CLANG_WARN__DUPLICATE_METHOD_MATCH = YES;
				"CODE_SIGN_IDENTITY[sdk=iphoneos*]" = "iPhone Developer";
				COPY_PHASE_STRIP = NO;
				DEBUG_INFORMATION_FORMAT = dwarf;
				ENABLE_STRICT_OBJC_MSGSEND = YES;
				ENABLE_TESTABILITY = YES;
				GCC_C_LANGUAGE_STANDARD = gnu99;
				GCC_DYNAMIC_NO_PIC = NO;
				GCC_NO_COMMON_BLOCKS = YES;
				GCC_OPTIMIZATION_LEVEL = 0;
				GCC_PREPROCESSOR_DEFINITIONS = (
					"DEBUG=1",
					"$(inherited)",
				);
				GCC_WARN_64_TO_32_BIT_CONVERSION = YES;
				GCC_WARN_ABOUT_RETURN_TYPE = YES_ERROR;
				GCC_WARN_UNDECLARED_SELECTOR = YES;
				GCC_WARN_UNINITIALIZED_AUTOS = YES_AGGRESSIVE;
				GCC_WARN_UNUSED_FUNCTION = YES;
				GCC_WARN_UNUSED_VARIABLE = YES;
				IPHONEOS_DEPLOYMENT_TARGET = 9.3;
				MTL_ENABLE_DEBUG_INFO = YES;
				ONLY_ACTIVE_ARCH = YES;
				SDKROOT = iphoneos;
			};
			name = Debug;
		};
		22BF94111D7024CE009E2C7D /* Release */ = {
			isa = XCBuildConfiguration;
			buildSettings = {
				ALWAYS_SEARCH_USER_PATHS = NO;
				CLANG_ANALYZER_NONNULL = YES;
				CLANG_CXX_LANGUAGE_STANDARD = "gnu++0x";
				CLANG_CXX_LIBRARY = "libc++";
				CLANG_ENABLE_MODULES = YES;
				CLANG_ENABLE_OBJC_ARC = YES;
				CLANG_WARN_BOOL_CONVERSION = YES;
				CLANG_WARN_CONSTANT_CONVERSION = YES;
				CLANG_WARN_DIRECT_OBJC_ISA_USAGE = YES_ERROR;
				CLANG_WARN_EMPTY_BODY = YES;
				CLANG_WARN_ENUM_CONVERSION = YES;
				CLANG_WARN_INT_CONVERSION = YES;
				CLANG_WARN_OBJC_ROOT_CLASS = YES_ERROR;
				CLANG_WARN_UNREACHABLE_CODE = YES;
				CLANG_WARN__DUPLICATE_METHOD_MATCH = YES;
				"CODE_SIGN_IDENTITY[sdk=iphoneos*]" = "iPhone Developer";
				COPY_PHASE_STRIP = NO;
				DEBUG_INFORMATION_FORMAT = "dwarf-with-dsym";
				ENABLE_NS_ASSERTIONS = NO;
				ENABLE_STRICT_OBJC_MSGSEND = YES;
				GCC_C_LANGUAGE_STANDARD = gnu99;
				GCC_NO_COMMON_BLOCKS = YES;
				GCC_WARN_64_TO_32_BIT_CONVERSION = YES;
				GCC_WARN_ABOUT_RETURN_TYPE = YES_ERROR;
				GCC_WARN_UNDECLARED_SELECTOR = YES;
				GCC_WARN_UNINITIALIZED_AUTOS = YES_AGGRESSIVE;
				GCC_WARN_UNUSED_FUNCTION = YES;
				GCC_WARN_UNUSED_VARIABLE = YES;
				IPHONEOS_DEPLOYMENT_TARGET = 9.3;
				MTL_ENABLE_DEBUG_INFO = NO;
				SDKROOT = iphoneos;
				VALIDATE_PRODUCT = YES;
			};
			name = Release;
		};
		22BF94131D7024CE009E2C7D /* Debug */ = {
			isa = XCBuildConfiguration;
			buildSettings = {
				ASSETCATALOG_COMPILER_APPICON_NAME = AppIcon;
				INFOPLIST_FILE = RollParallaxDemo/Info.plist;
				LD_RUNPATH_SEARCH_PATHS = "$(inherited) @executable_path/Frameworks";
				PRODUCT_BUNDLE_IDENTIFIER = Tsinova.RollParallaxDemo;
				PRODUCT_NAME = "$(TARGET_NAME)";
			};
			name = Debug;
		};
		22BF94141D7024CE009E2C7D /* Release */ = {
			isa = XCBuildConfiguration;
			buildSettings = {
				ASSETCATALOG_COMPILER_APPICON_NAME = AppIcon;
				INFOPLIST_FILE = RollParallaxDemo/Info.plist;
				LD_RUNPATH_SEARCH_PATHS = "$(inherited) @executable_path/Frameworks";
				PRODUCT_BUNDLE_IDENTIFIER = Tsinova.RollParallaxDemo;
				PRODUCT_NAME = "$(TARGET_NAME)";
			};
			name = Release;
		};
		22BF94161D7024CE009E2C7D /* Debug */ = {
			isa = XCBuildConfiguration;
			buildSettings = {
				BUNDLE_LOADER = "$(TEST_HOST)";
				INFOPLIST_FILE = RollParallaxDemoTests/Info.plist;
				LD_RUNPATH_SEARCH_PATHS = "$(inherited) @executable_path/Frameworks @loader_path/Frameworks";
				PRODUCT_BUNDLE_IDENTIFIER = Tsinova.RollParallaxDemoTests;
				PRODUCT_NAME = "$(TARGET_NAME)";
				TEST_HOST = "$(BUILT_PRODUCTS_DIR)/RollParallaxDemo.app/RollParallaxDemo";
			};
			name = Debug;
		};
		22BF94171D7024CE009E2C7D /* Release */ = {
			isa = XCBuildConfiguration;
			buildSettings = {
				BUNDLE_LOADER = "$(TEST_HOST)";
				INFOPLIST_FILE = RollParallaxDemoTests/Info.plist;
				LD_RUNPATH_SEARCH_PATHS = "$(inherited) @executable_path/Frameworks @loader_path/Frameworks";
				PRODUCT_BUNDLE_IDENTIFIER = Tsinova.RollParallaxDemoTests;
				PRODUCT_NAME = "$(TARGET_NAME)";
				TEST_HOST = "$(BUILT_PRODUCTS_DIR)/RollParallaxDemo.app/RollParallaxDemo";
			};
			name = Release;
		};
		22BF94191D7024CE009E2C7D /* Debug */ = {
			isa = XCBuildConfiguration;
			buildSettings = {
				INFOPLIST_FILE = RollParallaxDemoUITests/Info.plist;
				LD_RUNPATH_SEARCH_PATHS = "$(inherited) @executable_path/Frameworks @loader_path/Frameworks";
				PRODUCT_BUNDLE_IDENTIFIER = Tsinova.RollParallaxDemoUITests;
				PRODUCT_NAME = "$(TARGET_NAME)";
				TEST_TARGET_NAME = RollParallaxDemo;
			};
			name = Debug;
		};
		22BF941A1D7024CE009E2C7D /* Release */ = {
			isa = XCBuildConfiguration;
			buildSettings = {
				INFOPLIST_FILE = RollParallaxDemoUITests/Info.plist;
				LD_RUNPATH_SEARCH_PATHS = "$(inherited) @executable_path/Frameworks @loader_path/Frameworks";
				PRODUCT_BUNDLE_IDENTIFIER = Tsinova.RollParallaxDemoUITests;
				PRODUCT_NAME = "$(TARGET_NAME)";
				TEST_TARGET_NAME = RollParallaxDemo;
			};
			name = Release;
		};
/* End XCBuildConfiguration section */

/* Begin XCConfigurationList section */
		22BF93E01D7024CE009E2C7D /* Build configuration list for PBXProject "RollParallaxDemo" */ = {
			isa = XCConfigurationList;
			buildConfigurations = (
				22BF94101D7024CE009E2C7D /* Debug */,
				22BF94111D7024CE009E2C7D /* Release */,
			);
			defaultConfigurationIsVisible = 0;
			defaultConfigurationName = Release;
		};
		22BF94121D7024CE009E2C7D /* Build configuration list for PBXNativeTarget "RollParallaxDemo" */ = {
			isa = XCConfigurationList;
			buildConfigurations = (
				22BF94131D7024CE009E2C7D /* Debug */,
				22BF94141D7024CE009E2C7D /* Release */,
			);
			defaultConfigurationIsVisible = 0;
		};
		22BF94151D7024CE009E2C7D /* Build configuration list for PBXNativeTarget "RollParallaxDemoTests" */ = {
			isa = XCConfigurationList;
			buildConfigurations = (
				22BF94161D7024CE009E2C7D /* Debug */,
				22BF94171D7024CE009E2C7D /* Release */,
			);
			defaultConfigurationIsVisible = 0;
		};
		22BF94181D7024CE009E2C7D /* Build configuration list for PBXNativeTarget "RollParallaxDemoUITests" */ = {
			isa = XCConfigurationList;
			buildConfigurations = (
				22BF94191D7024CE009E2C7D /* Debug */,
				22BF941A1D7024CE009E2C7D /* Release */,
			);
			defaultConfigurationIsVisible = 0;
		};
/* End XCConfigurationList section */
	};
	rootObject = 22BF93DD1D7024CE009E2C7D /* Project object */;
}
